{
    "_readme": [
        "This file locks the dependencies of your project to a known state",
        "Read more about it at https://getcomposer.org/doc/01-basic-usage.md#installing-dependencies",
        "This file is @generated automatically"
    ],
    "content-hash": "fb767f679d5d64c2c596988ae760a358",
    "packages": [
        {
            "name": "douggonsouza/data",
            "version": "v1.0.1",
            "source": {
                "type": "git",
                "url": "https://github.com/douggonsouza/data.git",
                "reference": "3f13d1bbcf2d71d5b30d238ac6e0de384e9b4cc3"
            },
            "dist": {
                "type": "zip",
                "url": "https://api.github.com/repos/douggonsouza/data/zipball/3f13d1bbcf2d71d5b30d238ac6e0de384e9b4cc3",
                "reference": "3f13d1bbcf2d71d5b30d238ac6e0de384e9b4cc3",
                "shasum": ""
            },
            "type": "library",
            "autoload": {
                "psr-4": {
                    "src\\": "data/"
                }
            },
            "notification-url": "https://packagist.org/downloads/",
            "license": [
                "MIT"
            ],
            "authors": [
                {
                    "name": "Douglas Gonçalves de Souza",
                    "email": "douggonsouza@gmail.com.br"
                }
            ],
            "description": "Módulo de modelo de dados",
            "time": "2020-07-04T20:11:53+00:00"
        },
        {
            "name": "douggonsouza/driver",
            "version": "v1.0.1",
            "source": {
                "type": "git",
                "url": "https://github.com/douggonsouza/driver.git",
                "reference": "c4f9927ddbacd101e8f3fd00eb0b20106188120a"
            },
            "dist": {
                "type": "zip",
                "url": "https://api.github.com/repos/douggonsouza/driver/zipball/c4f9927ddbacd101e8f3fd00eb0b20106188120a",
                "reference": "c4f9927ddbacd101e8f3fd00eb0b20106188120a",
                "shasum": ""
            },
            "type": "library",
            "autoload": {
                "psr-4": {
                    "src\\": "driver/"
                }
            },
            "notification-url": "https://packagist.org/downloads/",
            "license": [
                "MIT"
            ],
            "authors": [
                {
                    "name": "Douglas Gonçalves de Souza",
                    "email": "douggonsouza@gmail.com"
                }
            ],
            "description": "Módulo de roteamento dos controladores",
            "time": "2020-07-04T20:09:34+00:00"
        },
        {
            "name": "douggonsouza/permission",
            "version": "v1.0.1",
            "source": {
                "type": "git",
                "url": "https://github.com/douggonsouza/permission.git",
                "reference": "c4ed75debb9ed54e02a4652059a94f2c7f4748ea"
            },
            "dist": {
                "type": "zip",
                "url": "https://api.github.com/repos/douggonsouza/permission/zipball/c4ed75debb9ed54e02a4652059a94f2c7f4748ea",
                "reference": "c4ed75debb9ed54e02a4652059a94f2c7f4748ea",
                "shasum": ""
            },
            "type": "library",
            "autoload": {
                "psr-4": {
                    "src\\": "permission/"
                }
            },
            "notification-url": "https://packagist.org/downloads/",
            "license": [
                "MIT"
            ],
            "authors": [
                {
                    "name": "Douglas Gonçalves de Souza",
                    "email": "douggonsouza@gmail.com"
                }
            ],
            "description": "Módulo de permissionamento do usuário",
            "time": "2020-07-04T20:13:25+00:00"
        }
    ],
    "packages-dev": [],
    "aliases": [],
    "minimum-stability": "dev",
    "stability-flags": [],
    "prefer-stable": false,
    "prefer-lowest": false,
    "platform": [],
    "platform-dev": [],
    "plugin-api-version": "1.1.0"
}
